
Microsoft Visual Studio Solution File, Format Version 12.00
# Visual Studio 2012
Project("{FAE04EC0-301F-11D3-BF4B-00C04F79EFBC}") = "db", "db\db.csproj", "{CB3453F7-8628-4455-A9D3-3F5546D60D57}"
EndProject
Project("{FAE04EC0-301F-11D3-BF4B-00C04F79EFBC}") = "seeder", "seeder\seeder.csproj", "{C525395A-E9DB-4174-89AF-B0E8C89E17D5}"
EndProject
Project("{FAE04EC0-301F-11D3-BF4B-00C04F79EFBC}") = "main", "main\main.csproj", "{E098D0D3-4A34-447E-8EF3-4305DD043842}"
EndProject
Global
	GlobalSection(SolutionConfigurationPlatforms) = preSolution
		Debug|Any CPU = Debug|Any CPU
		Release|Any CPU = Release|Any CPU
	EndGlobalSection
	GlobalSection(ProjectConfigurationPlatforms) = postSolution
		{CB3453F7-8628-4455-A9D3-3F5546D60D57}.Debug|Any CPU.ActiveCfg = Debug|Any CPU
		{CB3453F7-8628-4455-A9D3-3F5546D60D57}.Debug|Any CPU.Build.0 = Debug|Any CPU
		{CB3453F7-8628-4455-A9D3-3F5546D60D57}.Release|Any CPU.ActiveCfg = Release|Any CPU
		{CB3453F7-8628-4455-A9D3-3F5546D60D57}.Release|Any CPU.Build.0 = Release|Any CPU
		{C525395A-E9DB-4174-89AF-B0E8C89E17D5}.Debug|Any CPU.ActiveCfg = Debug|Any CPU
		{C525395A-E9DB-4174-89AF-B0E8C89E17D5}.Debug|Any CPU.Build.0 = Debug|Any CPU
		{C525395A-E9DB-4174-89AF-B0E8C89E17D5}.Release|Any CPU.ActiveCfg = Release|Any CPU
		{C525395A-E9DB-4174-89AF-B0E8C89E17D5}.Release|Any CPU.Build.0 = Release|Any CPU
		{E098D0D3-4A34-447E-8EF3-4305DD043842}.Debug|Any CPU.ActiveCfg = Debug|Any CPU
		{E098D0D3-4A34-447E-8EF3-4305DD043842}.Debug|Any CPU.Build.0 = Debug|Any CPU
		{E098D0D3-4A34-447E-8EF3-4305DD043842}.Release|Any CPU.ActiveCfg = Release|Any CPU
		{E098D0D3-4A34-447E-8EF3-4305DD043842}.Release|Any CPU.Build.0 = Release|Any CPU
	EndGlobalSection
	GlobalSection(SolutionProperties) = preSolution
		HideSolutionNode = FALSE
	EndGlobalSection
EndGlobal
